
Microsoft Visual Studio Solution File, Format Version 12.00
# Visual Studio Version 16
VisualStudioVersion = 16.0.31025.194
MinimumVisualStudioVersion = 10.0.40219.1
Project("{FAE04EC0-301F-11D3-BF4B-00C04F79EFBC}") = "UI", "UI\UI.csproj", "{A5331413-F676-435C-BAC9-099F1FAC6C15}"
EndProject
Global
	GlobalSection(SolutionConfigurationPlatforms) = preSolution
		Debug|Any CPU = Debug|Any CPU
		Release|Any CPU = Release|Any CPU
	EndGlobalSection
	GlobalSection(ProjectConfigurationPlatforms) = postSolution
		{A5331413-F676-435C-BAC9-099F1FAC6C15}.Debug|Any CPU.ActiveCfg = Debug|Any CPU
		{A5331413-F676-435C-BAC9-099F1FAC6C15}.Debug|Any CPU.Build.0 = Debug|Any CPU
		{A5331413-F676-435C-BAC9-099F1FAC6C15}.Release|Any CPU.ActiveCfg = Release|Any CPU
		{A5331413-F676-435C-BAC9-099F1FAC6C15}.Release|Any CPU.Build.0 = Release|Any CPU
	EndGlobalSection
	GlobalSection(SolutionProperties) = preSolution
		HideSolutionNode = FALSE
	EndGlobalSection
	GlobalSection(ExtensibilityGlobals) = postSolution
		SolutionGuid = {61A6762F-FF99-4A55-B1C9-DE38A55079B1}
	EndGlobalSection
EndGlobal
